// !$*UTF8*$!
{
	archiveVersion = 1;
	classes = {
	};
	objectVersion = 55;
	objects = {

/* Begin PBXBuildFile section */
		37DBD024295DA88600AAD997 /* AppDelegate.swift in Sources */ = {isa = PBXBuildFile; fileRef = 37DBD023295DA88600AAD997 /* AppDelegate.swift */; };
		37DBD026295DA88600AAD997 /* SceneDelegate.swift in Sources */ = {isa = PBXBuildFile; fileRef = 37DBD025295DA88600AAD997 /* SceneDelegate.swift */; };
		37DBD028295DA88600AAD997 /* ViewController.swift in Sources */ = {isa = PBXBuildFile; fileRef = 37DBD027295DA88600AAD997 /* ViewController.swift */; };
		37DBD02B295DA88600AAD997 /* Main.storyboard in Resources */ = {isa = PBXBuildFile; fileRef = 37DBD029295DA88600AAD997 /* Main.storyboard */; };
		37DBD02E295DA88600AAD997 /* MusicApp.xcdatamodeld in Sources */ = {isa = PBXBuildFile; fileRef = 37DBD02C295DA88600AAD997 /* MusicApp.xcdatamodeld */; };
		37DBD030295DA88900AAD997 /* Assets.xcassets in Resources */ = {isa = PBXBuildFile; fileRef = 37DBD02F295DA88800AAD997 /* Assets.xcassets */; };
		37DBD033295DA88900AAD997 /* LaunchScreen.storyboard in Resources */ = {isa = PBXBuildFile; fileRef = 37DBD031295DA88900AAD997 /* LaunchScreen.storyboard */; };
		37DBD040295DA9E300AAD997 /* constants.swift in Sources */ = {isa = PBXBuildFile; fileRef = 37DBD03F295DA9E300AAD997 /* constants.swift */; };
		37DBD042295DAD5100AAD997 /* NetworkManager.swift in Sources */ = {isa = PBXBuildFile; fileRef = 37DBD041295DAD5100AAD997 /* NetworkManager.swift */; };
		37DBD044295DAE2100AAD997 /* Music.swift in Sources */ = {isa = PBXBuildFile; fileRef = 37DBD043295DAE2100AAD997 /* Music.swift */; };
		37DBD047295DAF4400AAD997 /* MusicCell.swift in Sources */ = {isa = PBXBuildFile; fileRef = 37DBD045295DAF4400AAD997 /* MusicCell.swift */; };
		37DBD048295DAF4400AAD997 /* MusicCell.xib in Resources */ = {isa = PBXBuildFile; fileRef = 37DBD046295DAF4400AAD997 /* MusicCell.xib */; };
/* End PBXBuildFile section */

/* Begin PBXFileReference section */
		37DBD020295DA88600AAD997 /* MusicApp.app */ = {isa = PBXFileReference; explicitFileType = wrapper.application; includeInIndex = 0; path = MusicApp.app; sourceTree = BUILT_PRODUCTS_DIR; };
		37DBD023295DA88600AAD997 /* AppDelegate.swift */ = {isa = PBXFileReference; lastKnownFileType = sourcecode.swift; path = AppDelegate.swift; sourceTree = "<group>"; };
		37DBD025295DA88600AAD997 /* SceneDelegate.swift */ = {isa = PBXFileReference; lastKnownFileType = sourcecode.swift; path = SceneDelegate.swift; sourceTree = "<group>"; };
		37DBD027295DA88600AAD997 /* ViewController.swift */ = {isa = PBXFileReference; lastKnownFileType = sourcecode.swift; path = ViewController.swift; sourceTree = "<group>"; };
		37DBD02A295DA88600AAD997 /* Base */ = {isa = PBXFileReference; lastKnownFileType = file.storyboard; name = Base; path = Base.lproj/Main.storyboard; sourceTree = "<group>"; };
		37DBD02D295DA88600AAD997 /* MusicApp.xcdatamodel */ = {isa = PBXFileReference; lastKnownFileType = wrapper.xcdatamodel; path = MusicApp.xcdatamodel; sourceTree = "<group>"; };
		37DBD02F295DA88800AAD997 /* Assets.xcassets */ = {isa = PBXFileReference; lastKnownFileType = folder.assetcatalog; path = Assets.xcassets; sourceTree = "<group>"; };
		37DBD032295DA88900AAD997 /* Base */ = {isa = PBXFileReference; lastKnownFileType = file.storyboard; name = Base; path = Base.lproj/LaunchScreen.storyboard; sourceTree = "<group>"; };
		37DBD034295DA88900AAD997 /* Info.plist */ = {isa = PBXFileReference; lastKnownFileType = text.plist.xml; path = Info.plist; sourceTree = "<group>"; };
		37DBD03F295DA9E300AAD997 /* constants.swift */ = {isa = PBXFileReference; lastKnownFileType = sourcecode.swift; path = constants.swift; sourceTree = "<group>"; };
		37DBD041295DAD5100AAD997 /* NetworkManager.swift */ = {isa = PBXFileReference; lastKnownFileType = sourcecode.swift; path = NetworkManager.swift; sourceTree = "<group>"; };
		37DBD043295DAE2100AAD997 /* Music.swift */ = {isa = PBXFileReference; lastKnownFileType = sourcecode.swift; path = Music.swift; sourceTree = "<group>"; };
		37DBD045295DAF4400AAD997 /* MusicCell.swift */ = {isa = PBXFileReference; lastKnownFileType = sourcecode.swift; path = MusicCell.swift; sourceTree = "<group>"; };
		37DBD046295DAF4400AAD997 /* MusicCell.xib */ = {isa = PBXFileReference; lastKnownFileType = file.xib; path = MusicCell.xib; sourceTree = "<group>"; };
/* End PBXFileReference section */

/* Begin PBXFrameworksBuildPhase section */
		37DBD01D295DA88600AAD997 /* Frameworks */ = {
			isa = PBXFrameworksBuildPhase;
			buildActionMask = 2147483647;
			files = (
			);
			runOnlyForDeploymentPostprocessing = 0;
		};
/* End PBXFrameworksBuildPhase section */

/* Begin PBXGroup section */
		37DBD017295DA88600AAD997 = {
			isa = PBXGroup;
			children = (
				37DBD022295DA88600AAD997 /* MusicApp */,
				37DBD021295DA88600AAD997 /* Products */,
			);
			sourceTree = "<group>";
		};
		37DBD021295DA88600AAD997 /* Products */ = {
			isa = PBXGroup;
			children = (
				37DBD020295DA88600AAD997 /* MusicApp.app */,
			);
			name = Products;
			sourceTree = "<group>";
		};
		37DBD022295DA88600AAD997 /* MusicApp */ = {
			isa = PBXGroup;
			children = (
				37DBD023295DA88600AAD997 /* AppDelegate.swift */,
				37DBD025295DA88600AAD997 /* SceneDelegate.swift */,
				37DBD03E295DA8DE00AAD997 /* Helper */,
				37DBD03D295DA8D100AAD997 /* Networking */,
				37DBD03C295DA8CA00AAD997 /* Models */,
				37DBD03B295DA8C400AAD997 /* Views */,
				37DBD03A295DA8BB00AAD997 /* Controllers */,
				37DBD02F295DA88800AAD997 /* Assets.xcassets */,
				37DBD031295DA88900AAD997 /* LaunchScreen.storyboard */,
				37DBD034295DA88900AAD997 /* Info.plist */,
				37DBD02C295DA88600AAD997 /* MusicApp.xcdatamodeld */,
			);
			path = MusicApp;
			sourceTree = "<group>";
		};
		37DBD03A295DA8BB00AAD997 /* Controllers */ = {
			isa = PBXGroup;
			children = (
				37DBD027295DA88600AAD997 /* ViewController.swift */,
			);
			path = Controllers;
			sourceTree = "<group>";
		};
		37DBD03B295DA8C400AAD997 /* Views */ = {
			isa = PBXGroup;
			children = (
				37DBD029295DA88600AAD997 /* Main.storyboard */,
				37DBD045295DAF4400AAD997 /* MusicCell.swift */,
				37DBD046295DAF4400AAD997 /* MusicCell.xib */,
			);
			path = Views;
			sourceTree = "<group>";
		};
		37DBD03C295DA8CA00AAD997 /* Models */ = {
			isa = PBXGroup;
			children = (
				37DBD043295DAE2100AAD997 /* Music.swift */,
			);
			path = Models;
			sourceTree = "<group>";
		};
		37DBD03D295DA8D100AAD997 /* Networking */ = {
			isa = PBXGroup;
			children = (
				37DBD041295DAD5100AAD997 /* NetworkManager.swift */,
			);
			path = Networking;
			sourceTree = "<group>";
		};
		37DBD03E295DA8DE00AAD997 /* Helper */ = {
			isa = PBXGroup;
			children = (
				37DBD03F295DA9E300AAD997 /* constants.swift */,
			);
			path = Helper;
			sourceTree = "<group>";
		};
/* End PBXGroup section */

/* Begin PBXNativeTarget section */
		37DBD01F295DA88600AAD997 /* MusicApp */ = {
			isa = PBXNativeTarget;
			buildConfigurationList = 37DBD037295DA88900AAD997 /* Build configuration list for PBXNativeTarget "MusicApp" */;
			buildPhases = (
				37DBD01C295DA88600AAD997 /* Sources */,
				37DBD01D295DA88600AAD997 /* Frameworks */,
				37DBD01E295DA88600AAD997 /* Resources */,
			);
			buildRules = (
			);
			dependencies = (
			);
			name = MusicApp;
			productName = MusicApp;
			productReference = 37DBD020295DA88600AAD997 /* MusicApp.app */;
			productType = "com.apple.product-type.application";
		};
/* End PBXNativeTarget section */

/* Begin PBXProject section */
		37DBD018295DA88600AAD997 /* Project object */ = {
			isa = PBXProject;
			attributes = {
				BuildIndependentTargetsInParallel = 1;
				LastSwiftUpdateCheck = 1320;
				LastUpgradeCheck = 1320;
				TargetAttributes = {
					37DBD01F295DA88600AAD997 = {
						CreatedOnToolsVersion = 13.2.1;
					};
				};
			};
			buildConfigurationList = 37DBD01B295DA88600AAD997 /* Build configuration list for PBXProject "MusicApp" */;
			compatibilityVersion = "Xcode 13.0";
			developmentRegion = en;
			hasScannedForEncodings = 0;
			knownRegions = (
				en,
				Base,
			);
			mainGroup = 37DBD017295DA88600AAD997;
			productRefGroup = 37DBD021295DA88600AAD997 /* Products */;
			projectDirPath = "";
			projectRoot = "";
			targets = (
				37DBD01F295DA88600AAD997 /* MusicApp */,
			);
		};
/* End PBXProject section */

/* Begin PBXResourcesBuildPhase section */
		37DBD01E295DA88600AAD997 /* Resources */ = {
			isa = PBXResourcesBuildPhase;
			buildActionMask = 2147483647;
			files = (
				37DBD033295DA88900AAD997 /* LaunchScreen.storyboard in Resources */,
				37DBD030295DA88900AAD997 /* Assets.xcassets in Resources */,
				37DBD02B295DA88600AAD997 /* Main.storyboard in Resources */,
				37DBD048295DAF4400AAD997 /* MusicCell.xib in Resources */,
			);
			runOnlyForDeploymentPostprocessing = 0;
		};
/* End PBXResourcesBuildPhase section */

/* Begin PBXSourcesBuildPhase section */
		37DBD01C295DA88600AAD997 /* Sources */ = {
			isa = PBXSourcesBuildPhase;
			buildActionMask = 2147483647;
			files = (
				37DBD042295DAD5100AAD997 /* NetworkManager.swift in Sources */,
				37DBD028295DA88600AAD997 /* ViewController.swift in Sources */,
				37DBD024295DA88600AAD997 /* AppDelegate.swift in Sources */,
				37DBD047295DAF4400AAD997 /* MusicCell.swift in Sources */,
				37DBD026295DA88600AAD997 /* SceneDelegate.swift in Sources */,
				37DBD044295DAE2100AAD997 /* Music.swift in Sources */,
				37DBD040295DA9E300AAD997 /* constants.swift in Sources */,
				37DBD02E295DA88600AAD997 /* MusicApp.xcdatamodeld in Sources */,
			);
			runOnlyForDeploymentPostprocessing = 0;
		};
/* End PBXSourcesBuildPhase section */

/* Begin PBXVariantGroup section */
		37DBD029295DA88600AAD997 /* Main.storyboard */ = {
			isa = PBXVariantGroup;
			children = (
				37DBD02A295DA88600AAD997 /* Base */,
			);
			name = Main.storyboard;
			sourceTree = "<group>";
		};
		37DBD031295DA88900AAD997 /* LaunchScreen.storyboard */ = {
			isa = PBXVariantGroup;
			children = (
				37DBD032295DA88900AAD997 /* Base */,
			);
			name = LaunchScreen.storyboard;
			sourceTree = "<group>";
		};
/* End PBXVariantGroup section */

/* Begin XCBuildConfiguration section */
		37DBD035295DA88900AAD997 /* Debug */ = {
			isa = XCBuildConfiguration;
			buildSettings = {
				ALWAYS_SEARCH_USER_PATHS = NO;
				CLANG_ANALYZER_NONNULL = YES;
				CLANG_ANALYZER_NUMBER_OBJECT_CONVERSION = YES_AGGRESSIVE;
				CLANG_CXX_LANGUAGE_STANDARD = "gnu++17";
				CLANG_CXX_LIBRARY = "libc++";
				CLANG_ENABLE_MODULES = YES;
				CLANG_ENABLE_OBJC_ARC = YES;
				CLANG_ENABLE_OBJC_WEAK = YES;
				CLANG_WARN_BLOCK_CAPTURE_AUTORELEASING = YES;
				CLANG_WARN_BOOL_CONVERSION = YES;
				CLANG_WARN_COMMA = YES;
				CLANG_WARN_CONSTANT_CONVERSION = YES;
				CLANG_WARN_DEPRECATED_OBJC_IMPLEMENTATIONS = YES;
				CLANG_WARN_DIRECT_OBJC_ISA_USAGE = YES_ERROR;
				CLANG_WARN_DOCUMENTATION_COMMENTS = YES;
				CLANG_WARN_EMPTY_BODY = YES;
				CLANG_WARN_ENUM_CONVERSION = YES;
				CLANG_WARN_INFINITE_RECURSION = YES;
				CLANG_WARN_INT_CONVERSION = YES;
				CLANG_WARN_NON_LITERAL_NULL_CONVERSION = YES;
				CLANG_WARN_OBJC_IMPLICIT_RETAIN_SELF = YES;
				CLANG_WARN_OBJC_LITERAL_CONVERSION = YES;
				CLANG_WARN_OBJC_ROOT_CLASS = YES_ERROR;
				CLANG_WARN_QUOTED_INCLUDE_IN_FRAMEWORK_HEADER = YES;
				CLANG_WARN_RANGE_LOOP_ANALYSIS = YES;
				CLANG_WARN_STRICT_PROTOTYPES = YES;
				CLANG_WARN_SUSPICIOUS_MOVE = YES;
				CLANG_WARN_UNGUARDED_AVAILABILITY = YES_AGGRESSIVE;
				CLANG_WARN_UNREACHABLE_CODE = YES;
				CLANG_WARN__DUPLICATE_METHOD_MATCH = YES;
				COPY_PHASE_STRIP = NO;
				DEBUG_INFORMATION_FORMAT = dwarf;
				ENABLE_STRICT_OBJC_MSGSEND = YES;
				ENABLE_TESTABILITY = YES;
				GCC_C_LANGUAGE_STANDARD = gnu11;
				GCC_DYNAMIC_NO_PIC = NO;
				GCC_NO_COMMON_BLOCKS = YES;
				GCC_OPTIMIZATION_LEVEL = 0;
				GCC_PREPROCESSOR_DEFINITIONS = (
					"DEBUG=1",
					"$(inherited)",
				);
				GCC_WARN_64_TO_32_BIT_CONVERSION = YES;
				GCC_WARN_ABOUT_RETURN_TYPE = YES_ERROR;
				GCC_WARN_UNDECLARED_SELECTOR = YES;
				GCC_WARN_UNINITIALIZED_AUTOS = YES_AGGRESSIVE;
				GCC_WARN_UNUSED_FUNCTION = YES;
				GCC_WARN_UNUSED_VARIABLE = YES;
				IPHONEOS_DEPLOYMENT_TARGET = 15.2;
				MTL_ENABLE_DEBUG_INFO = INCLUDE_SOURCE;
				MTL_FAST_MATH = YES;
				ONLY_ACTIVE_ARCH = YES;
				SDKROOT = iphoneos;
				SWIFT_ACTIVE_COMPILATION_CONDITIONS = DEBUG;
				SWIFT_OPTIMIZATION_LEVEL = "-Onone";
			};
			name = Debug;
		};
		37DBD036295DA88900AAD997 /* Release */ = {
			isa = XCBuildConfiguration;
			buildSettings = {
				ALWAYS_SEARCH_USER_PATHS = NO;
				CLANG_ANALYZER_NONNULL = YES;
				CLANG_ANALYZER_NUMBER_OBJECT_CONVERSION = YES_AGGRESSIVE;
				CLANG_CXX_LANGUAGE_STANDARD = "gnu++17";
				CLANG_CXX_LIBRARY = "libc++";
				CLANG_ENABLE_MODULES = YES;
				CLANG_ENABLE_OBJC_ARC = YES;
				CLANG_ENABLE_OBJC_WEAK = YES;
				CLANG_WARN_BLOCK_CAPTURE_AUTORELEASING = YES;
				CLANG_WARN_BOOL_CONVERSION = YES;
				CLANG_WARN_COMMA = YES;
				CLANG_WARN_CONSTANT_CONVERSION = YES;
				CLANG_WARN_DEPRECATED_OBJC_IMPLEMENTATIONS = YES;
				CLANG_WARN_DIRECT_OBJC_ISA_USAGE = YES_ERROR;
				CLANG_WARN_DOCUMENTATION_COMMENTS = YES;
				CLANG_WARN_EMPTY_BODY = YES;
				CLANG_WARN_ENUM_CONVERSION = YES;
				CLANG_WARN_INFINITE_RECURSION = YES;
				CLANG_WARN_INT_CONVERSION = YES;
				CLANG_WARN_NON_LITERAL_NULL_CONVERSION = YES;
				CLANG_WARN_OBJC_IMPLICIT_RETAIN_SELF = YES;
				CLANG_WARN_OBJC_LITERAL_CONVERSION = YES;
				CLANG_WARN_OBJC_ROOT_CLASS = YES_ERROR;
				CLANG_WARN_QUOTED_INCLUDE_IN_FRAMEWORK_HEADER = YES;
				CLANG_WARN_RANGE_LOOP_ANALYSIS = YES;
				CLANG_WARN_STRICT_PROTOTYPES = YES;
				CLANG_WARN_SUSPICIOUS_MOVE = YES;
				CLANG_WARN_UNGUARDED_AVAILABILITY = YES_AGGRESSIVE;
				CLANG_WARN_UNREACHABLE_CODE = YES;
				CLANG_WARN__DUPLICATE_METHOD_MATCH = YES;
				COPY_PHASE_STRIP = NO;
				DEBUG_INFORMATION_FORMAT = "dwarf-with-dsym";
				ENABLE_NS_ASSERTIONS = NO;
				ENABLE_STRICT_OBJC_MSGSEND = YES;
				GCC_C_LANGUAGE_STANDARD = gnu11;
				GCC_NO_COMMON_BLOCKS = YES;
				GCC_WARN_64_TO_32_BIT_CONVERSION = YES;
				GCC_WARN_ABOUT_RETURN_TYPE = YES_ERROR;
				GCC_WARN_UNDECLARED_SELECTOR = YES;
				GCC_WARN_UNINITIALIZED_AUTOS = YES_AGGRESSIVE;
				GCC_WARN_UNUSED_FUNCTION = YES;
				GCC_WARN_UNUSED_VARIABLE = YES;
				IPHONEOS_DEPLOYMENT_TARGET = 15.2;
				MTL_ENABLE_DEBUG_INFO = NO;
				MTL_FAST_MATH = YES;
				SDKROOT = iphoneos;
				SWIFT_COMPILATION_MODE = wholemodule;
				SWIFT_OPTIMIZATION_LEVEL = "-O";
				VALIDATE_PRODUCT = YES;
			};
			name = Release;
		};
		37DBD038295DA88900AAD997 /* Debug */ = {
			isa = XCBuildConfiguration;
			buildSettings = {
				ASSETCATALOG_COMPILER_APPICON_NAME = AppIcon;
				ASSETCATALOG_COMPILER_GLOBAL_ACCENT_COLOR_NAME = AccentColor;
				CODE_SIGN_STYLE = Automatic;
				CURRENT_PROJECT_VERSION = 1;
				DEVELOPMENT_TEAM = FQ9852Z3LX;
				GENERATE_INFOPLIST_FILE = YES;
				INFOPLIST_FILE = MusicApp/Info.plist;
				INFOPLIST_KEY_UIApplicationSupportsIndirectInputEvents = YES;
				INFOPLIST_KEY_UILaunchStoryboardName = LaunchScreen;
				INFOPLIST_KEY_UIMainStoryboardFile = Main;
				INFOPLIST_KEY_UISupportedInterfaceOrientations_iPad = "UIInterfaceOrientationPortrait UIInterfaceOrientationPortraitUpsideDown UIInterfaceOrientationLandscapeLeft UIInterfaceOrientationLandscapeRight";
				INFOPLIST_KEY_UISupportedInterfaceOrientations_iPhone = "UIInterfaceOrientationPortrait UIInterfaceOrientationLandscapeLeft UIInterfaceOrientationLandscapeRight";
				IPHONEOS_DEPLOYMENT_TARGET = 13.0;
				LD_RUNPATH_SEARCH_PATHS = (
					"$(inherited)",
					"@executable_path/Frameworks",
				);
				MARKETING_VERSION = 1.0;
				PRODUCT_BUNDLE_IDENTIFIER = com.Ios.MusicApp;
				PRODUCT_NAME = "$(TARGET_NAME)";
				SWIFT_EMIT_LOC_STRINGS = YES;
				SWIFT_VERSION = 5.0;
				TARGETED_DEVICE_FAMILY = 1;
			};
			name = Debug;
		};
		37DBD039295DA88900AAD997 /* Release */ = {
			isa = XCBuildConfiguration;
			buildSettings = {
				ASSETCATALOG_COMPILER_APPICON_NAME = AppIcon;
				ASSETCATALOG_COMPILER_GLOBAL_ACCENT_COLOR_NAME = AccentColor;
				CODE_SIGN_STYLE = Automatic;
				CURRENT_PROJECT_VERSION = 1;
				DEVELOPMENT_TEAM = FQ9852Z3LX;
				GENERATE_INFOPLIST_FILE = YES;
				INFOPLIST_FILE = MusicApp/Info.plist;
				INFOPLIST_KEY_UIApplicationSupportsIndirectInputEvents = YES;
				INFOPLIST_KEY_UILaunchStoryboardName = LaunchScreen;
				INFOPLIST_KEY_UIMainStoryboardFile = Main;
				INFOPLIST_KEY_UISupportedInterfaceOrientations_iPad = "UIInterfaceOrientationPortrait UIInterfaceOrientationPortraitUpsideDown UIInterfaceOrientationLandscapeLeft UIInterfaceOrientationLandscapeRight";
				INFOPLIST_KEY_UISupportedInterfaceOrientations_iPhone = "UIInterfaceOrientationPortrait UIInterfaceOrientationLandscapeLeft UIInterfaceOrientationLandscapeRight";
				IPHONEOS_DEPLOYMENT_TARGET = 13.0;
				LD_RUNPATH_SEARCH_PATHS = (
					"$(inherited)",
					"@executable_path/Frameworks",
				);
				MARKETING_VERSION = 1.0;
				PRODUCT_BUNDLE_IDENTIFIER = com.Ios.MusicApp;
				PRODUCT_NAME = "$(TARGET_NAME)";
				SWIFT_EMIT_LOC_STRINGS = YES;
				SWIFT_VERSION = 5.0;
				TARGETED_DEVICE_FAMILY = 1;
			};
			name = Release;
		};
/* End XCBuildConfiguration section */

/* Begin XCConfigurationList section */
		37DBD01B295DA88600AAD997 /* Build configuration list for PBXProject "MusicApp" */ = {
			isa = XCConfigurationList;
			buildConfigurations = (
				37DBD035295DA88900AAD997 /* Debug */,
				37DBD036295DA88900AAD997 /* Release */,
			);
			defaultConfigurationIsVisible = 0;
			defaultConfigurationName = Release;
		};
		37DBD037295DA88900AAD997 /* Build configuration list for PBXNativeTarget "MusicApp" */ = {
			isa = XCConfigurationList;
			buildConfigurations = (
				37DBD038295DA88900AAD997 /* Debug */,
				37DBD039295DA88900AAD997 /* Release */,
			);
			defaultConfigurationIsVisible = 0;
			defaultConfigurationName = Release;
		};
/* End XCConfigurationList section */

/* Begin XCVersionGroup section */
		37DBD02C295DA88600AAD997 /* MusicApp.xcdatamodeld */ = {
			isa = XCVersionGroup;
			children = (
				37DBD02D295DA88600AAD997 /* MusicApp.xcdatamodel */,
			);
			currentVersion = 37DBD02D295DA88600AAD997 /* MusicApp.xcdatamodel */;
			path = MusicApp.xcdatamodeld;
			sourceTree = "<group>";
			versionGroupType = wrapper.xcdatamodel;
		};
/* End XCVersionGroup section */
	};
	rootObject = 37DBD018295DA88600AAD997 /* Project object */;
}
